
Microsoft Visual Studio Solution File, Format Version 12.00
# Visual Studio Version 16
VisualStudioVersion = 16.0.31729.503
MinimumVisualStudioVersion = 10.0.40219.1
Project("{9A19103F-16F7-4668-BE54-9A1E7A4F7556}") = "Core", "Core\Core.csproj", "{08DD17C2-A2A9-4E19-9E92-4CF94F2FAF08}"
EndProject
Project("{9A19103F-16F7-4668-BE54-9A1E7A4F7556}") = "DataAccess", "DataBase\DataAccess.csproj", "{6E5FF49B-C317-4D90-B5F3-55DF43A989A9}"
EndProject
Project("{9A19103F-16F7-4668-BE54-9A1E7A4F7556}") = "Entities", "Entities\Entities.csproj", "{A31D31FE-2742-4D70-A973-52FBC9FACFA3}"
EndProject
Project("{9A19103F-16F7-4668-BE54-9A1E7A4F7556}") = "MvcWebUI", "McvWebUI\MvcWebUI.csproj", "{15702FBC-F6F3-4635-A098-8E05BFA27290}"
EndProject
Project("{9A19103F-16F7-4668-BE54-9A1E7A4F7556}") = "Business", "Businesss\Business.csproj", "{8BDDCE2E-EF7E-4D3B-8F9E-C766A0BC951F}"
EndProject
Global
	GlobalSection(SolutionConfigurationPlatforms) = preSolution
		Debug|Any CPU = Debug|Any CPU
		Release|Any CPU = Release|Any CPU
	EndGlobalSection
	GlobalSection(ProjectConfigurationPlatforms) = postSolution
		{08DD17C2-A2A9-4E19-9E92-4CF94F2FAF08}.Debug|Any CPU.ActiveCfg = Debug|Any CPU
		{08DD17C2-A2A9-4E19-9E92-4CF94F2FAF08}.Debug|Any CPU.Build.0 = Debug|Any CPU
		{08DD17C2-A2A9-4E19-9E92-4CF94F2FAF08}.Release|Any CPU.ActiveCfg = Release|Any CPU
		{08DD17C2-A2A9-4E19-9E92-4CF94F2FAF08}.Release|Any CPU.Build.0 = Release|Any CPU
		{6E5FF49B-C317-4D90-B5F3-55DF43A989A9}.Debug|Any CPU.ActiveCfg = Debug|Any CPU
		{6E5FF49B-C317-4D90-B5F3-55DF43A989A9}.Debug|Any CPU.Build.0 = Debug|Any CPU
		{6E5FF49B-C317-4D90-B5F3-55DF43A989A9}.Release|Any CPU.ActiveCfg = Release|Any CPU
		{6E5FF49B-C317-4D90-B5F3-55DF43A989A9}.Release|Any CPU.Build.0 = Release|Any CPU
		{A31D31FE-2742-4D70-A973-52FBC9FACFA3}.Debug|Any CPU.ActiveCfg = Debug|Any CPU
		{A31D31FE-2742-4D70-A973-52FBC9FACFA3}.Debug|Any CPU.Build.0 = Debug|Any CPU
		{A31D31FE-2742-4D70-A973-52FBC9FACFA3}.Release|Any CPU.ActiveCfg = Release|Any CPU
		{A31D31FE-2742-4D70-A973-52FBC9FACFA3}.Release|Any CPU.Build.0 = Release|Any CPU
		{15702FBC-F6F3-4635-A098-8E05BFA27290}.Debug|Any CPU.ActiveCfg = Debug|Any CPU
		{15702FBC-F6F3-4635-A098-8E05BFA27290}.Debug|Any CPU.Build.0 = Debug|Any CPU
		{15702FBC-F6F3-4635-A098-8E05BFA27290}.Release|Any CPU.ActiveCfg = Release|Any CPU
		{15702FBC-F6F3-4635-A098-8E05BFA27290}.Release|Any CPU.Build.0 = Release|Any CPU
		{8BDDCE2E-EF7E-4D3B-8F9E-C766A0BC951F}.Debug|Any CPU.ActiveCfg = Debug|Any CPU
		{8BDDCE2E-EF7E-4D3B-8F9E-C766A0BC951F}.Debug|Any CPU.Build.0 = Debug|Any CPU
		{8BDDCE2E-EF7E-4D3B-8F9E-C766A0BC951F}.Release|Any CPU.ActiveCfg = Release|Any CPU
		{8BDDCE2E-EF7E-4D3B-8F9E-C766A0BC951F}.Release|Any CPU.Build.0 = Release|Any CPU
	EndGlobalSection
	GlobalSection(SolutionProperties) = preSolution
		HideSolutionNode = FALSE
	EndGlobalSection
	GlobalSection(ExtensibilityGlobals) = postSolution
		SolutionGuid = {D9D8B021-0D80-4256-9B8F-B8372B689D1C}
	EndGlobalSection
EndGlobal
